// !$*UTF8*$!
{
	archiveVersion = 1;
	classes = {
	};
	objectVersion = 56;
	objects = {

/* Begin PBXBuildFile section */
		EA4B7CBC2B29776B007FA525 /* AppDelegate.swift in Sources */ = {isa = PBXBuildFile; fileRef = EA4B7CBB2B29776B007FA525 /* AppDelegate.swift */; };
		EA4B7CBE2B29776B007FA525 /* SceneDelegate.swift in Sources */ = {isa = PBXBuildFile; fileRef = EA4B7CBD2B29776B007FA525 /* SceneDelegate.swift */; };
		EA4B7CC02B29776B007FA525 /* ViewController.swift in Sources */ = {isa = PBXBuildFile; fileRef = EA4B7CBF2B29776B007FA525 /* ViewController.swift */; };
		EA4B7CC32B29776B007FA525 /* Main.storyboard in Resources */ = {isa = PBXBuildFile; fileRef = EA4B7CC12B29776B007FA525 /* Main.storyboard */; };
		EA4B7CC52B29776D007FA525 /* Assets.xcassets in Resources */ = {isa = PBXBuildFile; fileRef = EA4B7CC42B29776D007FA525 /* Assets.xcassets */; };
		EA4B7CC82B29776D007FA525 /* LaunchScreen.storyboard in Resources */ = {isa = PBXBuildFile; fileRef = EA4B7CC62B29776D007FA525 /* LaunchScreen.storyboard */; };
		EA4B7CD02B29848E007FA525 /* UploadData.swift in Sources */ = {isa = PBXBuildFile; fileRef = EA4B7CCF2B29848E007FA525 /* UploadData.swift */; };
		EA4B7CD22B2984B8007FA525 /* UploadManager.swift in Sources */ = {isa = PBXBuildFile; fileRef = EA4B7CD12B2984B8007FA525 /* UploadManager.swift */; };
		EA4B7CD42B29B531007FA525 /* APIManager.swift in Sources */ = {isa = PBXBuildFile; fileRef = EA4B7CD32B29B531007FA525 /* APIManager.swift */; };
/* End PBXBuildFile section */

/* Begin PBXFileReference section */
		EA4B7CB82B29776B007FA525 /* S3UploadManager.app */ = {isa = PBXFileReference; explicitFileType = wrapper.application; includeInIndex = 0; path = S3UploadManager.app; sourceTree = BUILT_PRODUCTS_DIR; };
		EA4B7CBB2B29776B007FA525 /* AppDelegate.swift */ = {isa = PBXFileReference; lastKnownFileType = sourcecode.swift; path = AppDelegate.swift; sourceTree = "<group>"; };
		EA4B7CBD2B29776B007FA525 /* SceneDelegate.swift */ = {isa = PBXFileReference; lastKnownFileType = sourcecode.swift; path = SceneDelegate.swift; sourceTree = "<group>"; };
		EA4B7CBF2B29776B007FA525 /* ViewController.swift */ = {isa = PBXFileReference; lastKnownFileType = sourcecode.swift; path = ViewController.swift; sourceTree = "<group>"; };
		EA4B7CC22B29776B007FA525 /* Base */ = {isa = PBXFileReference; lastKnownFileType = file.storyboard; name = Base; path = Base.lproj/Main.storyboard; sourceTree = "<group>"; };
		EA4B7CC42B29776D007FA525 /* Assets.xcassets */ = {isa = PBXFileReference; lastKnownFileType = folder.assetcatalog; path = Assets.xcassets; sourceTree = "<group>"; };
		EA4B7CC72B29776D007FA525 /* Base */ = {isa = PBXFileReference; lastKnownFileType = file.storyboard; name = Base; path = Base.lproj/LaunchScreen.storyboard; sourceTree = "<group>"; };
		EA4B7CC92B29776D007FA525 /* Info.plist */ = {isa = PBXFileReference; lastKnownFileType = text.plist.xml; path = Info.plist; sourceTree = "<group>"; };
		EA4B7CCF2B29848E007FA525 /* UploadData.swift */ = {isa = PBXFileReference; lastKnownFileType = sourcecode.swift; path = UploadData.swift; sourceTree = "<group>"; };
		EA4B7CD12B2984B8007FA525 /* UploadManager.swift */ = {isa = PBXFileReference; lastKnownFileType = sourcecode.swift; path = UploadManager.swift; sourceTree = "<group>"; };
		EA4B7CD32B29B531007FA525 /* APIManager.swift */ = {isa = PBXFileReference; lastKnownFileType = sourcecode.swift; path = APIManager.swift; sourceTree = "<group>"; };
/* End PBXFileReference section */

/* Begin PBXFrameworksBuildPhase section */
		EA4B7CB52B29776B007FA525 /* Frameworks */ = {
			isa = PBXFrameworksBuildPhase;
			buildActionMask = 2147483647;
			files = (
			);
			runOnlyForDeploymentPostprocessing = 0;
		};
/* End PBXFrameworksBuildPhase section */

/* Begin PBXGroup section */
		EA4B7CAF2B29776B007FA525 = {
			isa = PBXGroup;
			children = (
				EA4B7CBA2B29776B007FA525 /* S3UploadManager */,
				EA4B7CB92B29776B007FA525 /* Products */,
			);
			sourceTree = "<group>";
		};
		EA4B7CB92B29776B007FA525 /* Products */ = {
			isa = PBXGroup;
			children = (
				EA4B7CB82B29776B007FA525 /* S3UploadManager.app */,
			);
			name = Products;
			sourceTree = "<group>";
		};
		EA4B7CBA2B29776B007FA525 /* S3UploadManager */ = {
			isa = PBXGroup;
			children = (
				EA4B7CBB2B29776B007FA525 /* AppDelegate.swift */,
				EA4B7CBD2B29776B007FA525 /* SceneDelegate.swift */,
				EA4B7CBF2B29776B007FA525 /* ViewController.swift */,
				EA4B7CD32B29B531007FA525 /* APIManager.swift */,
				EA4B7CD12B2984B8007FA525 /* UploadManager.swift */,
				EA4B7CCF2B29848E007FA525 /* UploadData.swift */,
				EA4B7CC12B29776B007FA525 /* Main.storyboard */,
				EA4B7CC42B29776D007FA525 /* Assets.xcassets */,
				EA4B7CC62B29776D007FA525 /* LaunchScreen.storyboard */,
				EA4B7CC92B29776D007FA525 /* Info.plist */,
			);
			path = S3UploadManager;
			sourceTree = "<group>";
		};
/* End PBXGroup section */

/* Begin PBXNativeTarget section */
		EA4B7CB72B29776B007FA525 /* S3UploadManager */ = {
			isa = PBXNativeTarget;
			buildConfigurationList = EA4B7CCC2B29776D007FA525 /* Build configuration list for PBXNativeTarget "S3UploadManager" */;
			buildPhases = (
				EA4B7CB42B29776B007FA525 /* Sources */,
				EA4B7CB52B29776B007FA525 /* Frameworks */,
				EA4B7CB62B29776B007FA525 /* Resources */,
			);
			buildRules = (
			);
			dependencies = (
			);
			name = S3UploadManager;
			productName = S3UploadManager;
			productReference = EA4B7CB82B29776B007FA525 /* S3UploadManager.app */;
			productType = "com.apple.product-type.application";
		};
/* End PBXNativeTarget section */

/* Begin PBXProject section */
		EA4B7CB02B29776B007FA525 /* Project object */ = {
			isa = PBXProject;
			attributes = {
				BuildIndependentTargetsInParallel = 1;
				LastSwiftUpdateCheck = 1420;
				LastUpgradeCheck = 1420;
				TargetAttributes = {
					EA4B7CB72B29776B007FA525 = {
						CreatedOnToolsVersion = 14.2;
					};
				};
			};
			buildConfigurationList = EA4B7CB32B29776B007FA525 /* Build configuration list for PBXProject "S3UploadManager" */;
			compatibilityVersion = "Xcode 14.0";
			developmentRegion = en;
			hasScannedForEncodings = 0;
			knownRegions = (
				en,
				Base,
			);
			mainGroup = EA4B7CAF2B29776B007FA525;
			productRefGroup = EA4B7CB92B29776B007FA525 /* Products */;
			projectDirPath = "";
			projectRoot = "";
			targets = (
				EA4B7CB72B29776B007FA525 /* S3UploadManager */,
			);
		};
/* End PBXProject section */

/* Begin PBXResourcesBuildPhase section */
		EA4B7CB62B29776B007FA525 /* Resources */ = {
			isa = PBXResourcesBuildPhase;
			buildActionMask = 2147483647;
			files = (
				EA4B7CC82B29776D007FA525 /* LaunchScreen.storyboard in Resources */,
				EA4B7CC52B29776D007FA525 /* Assets.xcassets in Resources */,
				EA4B7CC32B29776B007FA525 /* Main.storyboard in Resources */,
			);
			runOnlyForDeploymentPostprocessing = 0;
		};
/* End PBXResourcesBuildPhase section */

/* Begin PBXSourcesBuildPhase section */
		EA4B7CB42B29776B007FA525 /* Sources */ = {
			isa = PBXSourcesBuildPhase;
			buildActionMask = 2147483647;
			files = (
				EA4B7CD42B29B531007FA525 /* APIManager.swift in Sources */,
				EA4B7CC02B29776B007FA525 /* ViewController.swift in Sources */,
				EA4B7CBC2B29776B007FA525 /* AppDelegate.swift in Sources */,
				EA4B7CD02B29848E007FA525 /* UploadData.swift in Sources */,
				EA4B7CD22B2984B8007FA525 /* UploadManager.swift in Sources */,
				EA4B7CBE2B29776B007FA525 /* SceneDelegate.swift in Sources */,
			);
			runOnlyForDeploymentPostprocessing = 0;
		};
/* End PBXSourcesBuildPhase section */

/* Begin PBXVariantGroup section */
		EA4B7CC12B29776B007FA525 /* Main.storyboard */ = {
			isa = PBXVariantGroup;
			children = (
				EA4B7CC22B29776B007FA525 /* Base */,
			);
			name = Main.storyboard;
			sourceTree = "<group>";
		};
		EA4B7CC62B29776D007FA525 /* LaunchScreen.storyboard */ = {
			isa = PBXVariantGroup;
			children = (
				EA4B7CC72B29776D007FA525 /* Base */,
			);
			name = LaunchScreen.storyboard;
			sourceTree = "<group>";
		};
/* End PBXVariantGroup section */

/* Begin XCBuildConfiguration section */
		EA4B7CCA2B29776D007FA525 /* Debug */ = {
			isa = XCBuildConfiguration;
			buildSettings = {
				ALWAYS_SEARCH_USER_PATHS = NO;
				CLANG_ANALYZER_NONNULL = YES;
				CLANG_ANALYZER_NUMBER_OBJECT_CONVERSION = YES_AGGRESSIVE;
				CLANG_CXX_LANGUAGE_STANDARD = "gnu++20";
				CLANG_ENABLE_MODULES = YES;
				CLANG_ENABLE_OBJC_ARC = YES;
				CLANG_ENABLE_OBJC_WEAK = YES;
				CLANG_WARN_BLOCK_CAPTURE_AUTORELEASING = YES;
				CLANG_WARN_BOOL_CONVERSION = YES;
				CLANG_WARN_COMMA = YES;
				CLANG_WARN_CONSTANT_CONVERSION = YES;
				CLANG_WARN_DEPRECATED_OBJC_IMPLEMENTATIONS = YES;
				CLANG_WARN_DIRECT_OBJC_ISA_USAGE = YES_ERROR;
				CLANG_WARN_DOCUMENTATION_COMMENTS = YES;
				CLANG_WARN_EMPTY_BODY = YES;
				CLANG_WARN_ENUM_CONVERSION = YES;
				CLANG_WARN_INFINITE_RECURSION = YES;
				CLANG_WARN_INT_CONVERSION = YES;
				CLANG_WARN_NON_LITERAL_NULL_CONVERSION = YES;
				CLANG_WARN_OBJC_IMPLICIT_RETAIN_SELF = YES;
				CLANG_WARN_OBJC_LITERAL_CONVERSION = YES;
				CLANG_WARN_OBJC_ROOT_CLASS = YES_ERROR;
				CLANG_WARN_QUOTED_INCLUDE_IN_FRAMEWORK_HEADER = YES;
				CLANG_WARN_RANGE_LOOP_ANALYSIS = YES;
				CLANG_WARN_STRICT_PROTOTYPES = YES;
				CLANG_WARN_SUSPICIOUS_MOVE = YES;
				CLANG_WARN_UNGUARDED_AVAILABILITY = YES_AGGRESSIVE;
				CLANG_WARN_UNREACHABLE_CODE = YES;
				CLANG_WARN__DUPLICATE_METHOD_MATCH = YES;
				COPY_PHASE_STRIP = NO;
				DEBUG_INFORMATION_FORMAT = dwarf;
				ENABLE_STRICT_OBJC_MSGSEND = YES;
				ENABLE_TESTABILITY = YES;
				GCC_C_LANGUAGE_STANDARD = gnu11;
				GCC_DYNAMIC_NO_PIC = NO;
				GCC_NO_COMMON_BLOCKS = YES;
				GCC_OPTIMIZATION_LEVEL = 0;
				GCC_PREPROCESSOR_DEFINITIONS = (
					"DEBUG=1",
					"$(inherited)",
				);
				GCC_WARN_64_TO_32_BIT_CONVERSION = YES;
				GCC_WARN_ABOUT_RETURN_TYPE = YES_ERROR;
				GCC_WARN_UNDECLARED_SELECTOR = YES;
				GCC_WARN_UNINITIALIZED_AUTOS = YES_AGGRESSIVE;
				GCC_WARN_UNUSED_FUNCTION = YES;
				GCC_WARN_UNUSED_VARIABLE = YES;
				IPHONEOS_DEPLOYMENT_TARGET = 16.2;
				MTL_ENABLE_DEBUG_INFO = INCLUDE_SOURCE;
				MTL_FAST_MATH = YES;
				ONLY_ACTIVE_ARCH = YES;
				SDKROOT = iphoneos;
				SWIFT_ACTIVE_COMPILATION_CONDITIONS = DEBUG;
				SWIFT_OPTIMIZATION_LEVEL = "-Onone";
			};
			name = Debug;
		};
		EA4B7CCB2B29776D007FA525 /* Release */ = {
			isa = XCBuildConfiguration;
			buildSettings = {
				ALWAYS_SEARCH_USER_PATHS = NO;
				CLANG_ANALYZER_NONNULL = YES;
				CLANG_ANALYZER_NUMBER_OBJECT_CONVERSION = YES_AGGRESSIVE;
				CLANG_CXX_LANGUAGE_STANDARD = "gnu++20";
				CLANG_ENABLE_MODULES = YES;
				CLANG_ENABLE_OBJC_ARC = YES;
				CLANG_ENABLE_OBJC_WEAK = YES;
				CLANG_WARN_BLOCK_CAPTURE_AUTORELEASING = YES;
				CLANG_WARN_BOOL_CONVERSION = YES;
				CLANG_WARN_COMMA = YES;
				CLANG_WARN_CONSTANT_CONVERSION = YES;
				CLANG_WARN_DEPRECATED_OBJC_IMPLEMENTATIONS = YES;
				CLANG_WARN_DIRECT_OBJC_ISA_USAGE = YES_ERROR;
				CLANG_WARN_DOCUMENTATION_COMMENTS = YES;
				CLANG_WARN_EMPTY_BODY = YES;
				CLANG_WARN_ENUM_CONVERSION = YES;
				CLANG_WARN_INFINITE_RECURSION = YES;
				CLANG_WARN_INT_CONVERSION = YES;
				CLANG_WARN_NON_LITERAL_NULL_CONVERSION = YES;
				CLANG_WARN_OBJC_IMPLICIT_RETAIN_SELF = YES;
				CLANG_WARN_OBJC_LITERAL_CONVERSION = YES;
				CLANG_WARN_OBJC_ROOT_CLASS = YES_ERROR;
				CLANG_WARN_QUOTED_INCLUDE_IN_FRAMEWORK_HEADER = YES;
				CLANG_WARN_RANGE_LOOP_ANALYSIS = YES;
				CLANG_WARN_STRICT_PROTOTYPES = YES;
				CLANG_WARN_SUSPICIOUS_MOVE = YES;
				CLANG_WARN_UNGUARDED_AVAILABILITY = YES_AGGRESSIVE;
				CLANG_WARN_UNREACHABLE_CODE = YES;
				CLANG_WARN__DUPLICATE_METHOD_MATCH = YES;
				COPY_PHASE_STRIP = NO;
				DEBUG_INFORMATION_FORMAT = "dwarf-with-dsym";
				ENABLE_NS_ASSERTIONS = NO;
				ENABLE_STRICT_OBJC_MSGSEND = YES;
				GCC_C_LANGUAGE_STANDARD = gnu11;
				GCC_NO_COMMON_BLOCKS = YES;
				GCC_WARN_64_TO_32_BIT_CONVERSION = YES;
				GCC_WARN_ABOUT_RETURN_TYPE = YES_ERROR;
				GCC_WARN_UNDECLARED_SELECTOR = YES;
				GCC_WARN_UNINITIALIZED_AUTOS = YES_AGGRESSIVE;
				GCC_WARN_UNUSED_FUNCTION = YES;
				GCC_WARN_UNUSED_VARIABLE = YES;
				IPHONEOS_DEPLOYMENT_TARGET = 16.2;
				MTL_ENABLE_DEBUG_INFO = NO;
				MTL_FAST_MATH = YES;
				SDKROOT = iphoneos;
				SWIFT_COMPILATION_MODE = wholemodule;
				SWIFT_OPTIMIZATION_LEVEL = "-O";
				VALIDATE_PRODUCT = YES;
			};
			name = Release;
		};
		EA4B7CCD2B29776D007FA525 /* Debug */ = {
			isa = XCBuildConfiguration;
			buildSettings = {
				ASSETCATALOG_COMPILER_APPICON_NAME = AppIcon;
				ASSETCATALOG_COMPILER_GLOBAL_ACCENT_COLOR_NAME = AccentColor;
				CODE_SIGN_STYLE = Automatic;
				CURRENT_PROJECT_VERSION = 1;
				DEVELOPMENT_TEAM = 67D9AZ62DY;
				GENERATE_INFOPLIST_FILE = YES;
				INFOPLIST_FILE = S3UploadManager/Info.plist;
				INFOPLIST_KEY_UIApplicationSupportsIndirectInputEvents = YES;
				INFOPLIST_KEY_UILaunchStoryboardName = LaunchScreen;
				INFOPLIST_KEY_UIMainStoryboardFile = Main;
				INFOPLIST_KEY_UISupportedInterfaceOrientations_iPad = "UIInterfaceOrientationPortrait UIInterfaceOrientationPortraitUpsideDown UIInterfaceOrientationLandscapeLeft UIInterfaceOrientationLandscapeRight";
				INFOPLIST_KEY_UISupportedInterfaceOrientations_iPhone = "UIInterfaceOrientationPortrait UIInterfaceOrientationLandscapeLeft UIInterfaceOrientationLandscapeRight";
				LD_RUNPATH_SEARCH_PATHS = (
					"$(inherited)",
					"@executable_path/Frameworks",
				);
				MARKETING_VERSION = 1.0;
				PRODUCT_BUNDLE_IDENTIFIER = com.xtractor.S3UploadManager;
				PRODUCT_NAME = "$(TARGET_NAME)";
				SWIFT_EMIT_LOC_STRINGS = YES;
				SWIFT_VERSION = 5.0;
				TARGETED_DEVICE_FAMILY = "1,2";
			};
			name = Debug;
		};
		EA4B7CCE2B29776D007FA525 /* Release */ = {
			isa = XCBuildConfiguration;
			buildSettings = {
				ASSETCATALOG_COMPILER_APPICON_NAME = AppIcon;
				ASSETCATALOG_COMPILER_GLOBAL_ACCENT_COLOR_NAME = AccentColor;
				CODE_SIGN_STYLE = Automatic;
				CURRENT_PROJECT_VERSION = 1;
				DEVELOPMENT_TEAM = 67D9AZ62DY;
				GENERATE_INFOPLIST_FILE = YES;
				INFOPLIST_FILE = S3UploadManager/Info.plist;
				INFOPLIST_KEY_UIApplicationSupportsIndirectInputEvents = YES;
				INFOPLIST_KEY_UILaunchStoryboardName = LaunchScreen;
				INFOPLIST_KEY_UIMainStoryboardFile = Main;
				INFOPLIST_KEY_UISupportedInterfaceOrientations_iPad = "UIInterfaceOrientationPortrait UIInterfaceOrientationPortraitUpsideDown UIInterfaceOrientationLandscapeLeft UIInterfaceOrientationLandscapeRight";
				INFOPLIST_KEY_UISupportedInterfaceOrientations_iPhone = "UIInterfaceOrientationPortrait UIInterfaceOrientationLandscapeLeft UIInterfaceOrientationLandscapeRight";
				LD_RUNPATH_SEARCH_PATHS = (
					"$(inherited)",
					"@executable_path/Frameworks",
				);
				MARKETING_VERSION = 1.0;
				PRODUCT_BUNDLE_IDENTIFIER = com.xtractor.S3UploadManager;
				PRODUCT_NAME = "$(TARGET_NAME)";
				SWIFT_EMIT_LOC_STRINGS = YES;
				SWIFT_VERSION = 5.0;
				TARGETED_DEVICE_FAMILY = "1,2";
			};
			name = Release;
		};
/* End XCBuildConfiguration section */

/* Begin XCConfigurationList section */
		EA4B7CB32B29776B007FA525 /* Build configuration list for PBXProject "S3UploadManager" */ = {
			isa = XCConfigurationList;
			buildConfigurations = (
				EA4B7CCA2B29776D007FA525 /* Debug */,
				EA4B7CCB2B29776D007FA525 /* Release */,
			);
			defaultConfigurationIsVisible = 0;
			defaultConfigurationName = Release;
		};
		EA4B7CCC2B29776D007FA525 /* Build configuration list for PBXNativeTarget "S3UploadManager" */ = {
			isa = XCConfigurationList;
			buildConfigurations = (
				EA4B7CCD2B29776D007FA525 /* Debug */,
				EA4B7CCE2B29776D007FA525 /* Release */,
			);
			defaultConfigurationIsVisible = 0;
			defaultConfigurationName = Release;
		};
/* End XCConfigurationList section */
	};
	rootObject = EA4B7CB02B29776B007FA525 /* Project object */;
}
